
Microsoft Visual Studio Solution File, Format Version 12.00
# Visual Studio Version 17
VisualStudioVersion = 17.4.33213.308
MinimumVisualStudioVersion = 10.0.40219.1
Project("{FAE04EC0-301F-11D3-BF4B-00C04F79EFBC}") = "WcfService1", "WcfService1\WcfService1.csproj", "{A90EB74D-EC10-414A-96C8-F7B60AF5DCA0}"
EndProject
Global
	GlobalSection(SolutionConfigurationPlatforms) = preSolution
		Debug|Any CPU = Debug|Any CPU
		Release|Any CPU = Release|Any CPU
	EndGlobalSection
	GlobalSection(ProjectConfigurationPlatforms) = postSolution
		{A90EB74D-EC10-414A-96C8-F7B60AF5DCA0}.Debug|Any CPU.ActiveCfg = Debug|Any CPU
		{A90EB74D-EC10-414A-96C8-F7B60AF5DCA0}.Debug|Any CPU.Build.0 = Debug|Any CPU
		{A90EB74D-EC10-414A-96C8-F7B60AF5DCA0}.Release|Any CPU.ActiveCfg = Release|Any CPU
		{A90EB74D-EC10-414A-96C8-F7B60AF5DCA0}.Release|Any CPU.Build.0 = Release|Any CPU
	EndGlobalSection
	GlobalSection(SolutionProperties) = preSolution
		HideSolutionNode = FALSE
	EndGlobalSection
	GlobalSection(ExtensibilityGlobals) = postSolution
		SolutionGuid = {493D42D1-DBF1-49F4-B6E3-26B86AD58103}
	EndGlobalSection
EndGlobal
